
Microsoft Visual Studio Solution File, Format Version 12.00
# Visual Studio Version 16
VisualStudioVersion = 16.0.30717.126
MinimumVisualStudioVersion = 10.0.40219.1
Project("{FAE04EC0-301F-11D3-BF4B-00C04F79EFBC}") = "WebApplication", "WebApplication.csproj", "{2E63F599-B611-4C39-8A93-D58AEAE308E2}"
EndProject
Global
	GlobalSection(SolutionConfigurationPlatforms) = preSolution
		Debug|Any CPU = Debug|Any CPU
		Release|Any CPU = Release|Any CPU
	EndGlobalSection
	GlobalSection(ProjectConfigurationPlatforms) = postSolution
		{2E63F599-B611-4C39-8A93-D58AEAE308E2}.Debug|Any CPU.ActiveCfg = Debug|Any CPU
		{2E63F599-B611-4C39-8A93-D58AEAE308E2}.Debug|Any CPU.Build.0 = Debug|Any CPU
		{2E63F599-B611-4C39-8A93-D58AEAE308E2}.Release|Any CPU.ActiveCfg = Release|Any CPU
		{2E63F599-B611-4C39-8A93-D58AEAE308E2}.Release|Any CPU.Build.0 = Release|Any CPU
	EndGlobalSection
	GlobalSection(SolutionProperties) = preSolution
		HideSolutionNode = FALSE
	EndGlobalSection
	GlobalSection(ExtensibilityGlobals) = postSolution
		SolutionGuid = {F50C0451-2EE0-440E-BE96-E9C1832CD680}
	EndGlobalSection
EndGlobal
